
Microsoft Visual Studio Solution File, Format Version 12.00
# Visual Studio Version 16
VisualStudioVersion = 16.0.31205.134
MinimumVisualStudioVersion = 10.0.40219.1
Project("{FAE04EC0-301F-11D3-BF4B-00C04F79EFBC}") = "test.abs.factory", "test.abs.factory.csproj", "{CE415343-4C70-494D-8C13-FCF1BB7AD0F3}"
EndProject
Project("{FAE04EC0-301F-11D3-BF4B-00C04F79EFBC}") = "abs.factory", "..\abs.factory\abs.factory.csproj", "{31F1301A-D998-4E8B-BF76-D661E87A382E}"
EndProject
Global
	GlobalSection(SolutionConfigurationPlatforms) = preSolution
		Debug|Any CPU = Debug|Any CPU
		Release|Any CPU = Release|Any CPU
	EndGlobalSection
	GlobalSection(ProjectConfigurationPlatforms) = postSolution
		{CE415343-4C70-494D-8C13-FCF1BB7AD0F3}.Debug|Any CPU.ActiveCfg = Debug|Any CPU
		{CE415343-4C70-494D-8C13-FCF1BB7AD0F3}.Debug|Any CPU.Build.0 = Debug|Any CPU
		{CE415343-4C70-494D-8C13-FCF1BB7AD0F3}.Release|Any CPU.ActiveCfg = Release|Any CPU
		{CE415343-4C70-494D-8C13-FCF1BB7AD0F3}.Release|Any CPU.Build.0 = Release|Any CPU
		{31F1301A-D998-4E8B-BF76-D661E87A382E}.Debug|Any CPU.ActiveCfg = Debug|Any CPU
		{31F1301A-D998-4E8B-BF76-D661E87A382E}.Debug|Any CPU.Build.0 = Debug|Any CPU
		{31F1301A-D998-4E8B-BF76-D661E87A382E}.Release|Any CPU.ActiveCfg = Release|Any CPU
		{31F1301A-D998-4E8B-BF76-D661E87A382E}.Release|Any CPU.Build.0 = Release|Any CPU
	EndGlobalSection
	GlobalSection(SolutionProperties) = preSolution
		HideSolutionNode = FALSE
	EndGlobalSection
	GlobalSection(ExtensibilityGlobals) = postSolution
		SolutionGuid = {FDACE7BD-6054-41DF-9B52-99D9DBE48E5F}
	EndGlobalSection
EndGlobal
