
Microsoft Visual Studio Solution File, Format Version 12.00
# Visual Studio Version 16
VisualStudioVersion = 16.0.31205.134
MinimumVisualStudioVersion = 10.0.40219.1
Project("{FAE04EC0-301F-11D3-BF4B-00C04F79EFBC}") = "test.factory.method", "test.factory.method.csproj", "{93F74605-C14A-48D3-9F84-80EC96831063}"
EndProject
Project("{FAE04EC0-301F-11D3-BF4B-00C04F79EFBC}") = "factory.method", "..\factory.method\factory.method.csproj", "{98794B73-372F-4DFB-8830-AB2CAFFB7F12}"
EndProject
Global
	GlobalSection(SolutionConfigurationPlatforms) = preSolution
		Debug|Any CPU = Debug|Any CPU
		Release|Any CPU = Release|Any CPU
	EndGlobalSection
	GlobalSection(ProjectConfigurationPlatforms) = postSolution
		{93F74605-C14A-48D3-9F84-80EC96831063}.Debug|Any CPU.ActiveCfg = Debug|Any CPU
		{93F74605-C14A-48D3-9F84-80EC96831063}.Debug|Any CPU.Build.0 = Debug|Any CPU
		{93F74605-C14A-48D3-9F84-80EC96831063}.Release|Any CPU.ActiveCfg = Release|Any CPU
		{93F74605-C14A-48D3-9F84-80EC96831063}.Release|Any CPU.Build.0 = Release|Any CPU
		{98794B73-372F-4DFB-8830-AB2CAFFB7F12}.Debug|Any CPU.ActiveCfg = Debug|Any CPU
		{98794B73-372F-4DFB-8830-AB2CAFFB7F12}.Debug|Any CPU.Build.0 = Debug|Any CPU
		{98794B73-372F-4DFB-8830-AB2CAFFB7F12}.Release|Any CPU.ActiveCfg = Release|Any CPU
		{98794B73-372F-4DFB-8830-AB2CAFFB7F12}.Release|Any CPU.Build.0 = Release|Any CPU
	EndGlobalSection
	GlobalSection(SolutionProperties) = preSolution
		HideSolutionNode = FALSE
	EndGlobalSection
	GlobalSection(ExtensibilityGlobals) = postSolution
		SolutionGuid = {87611BB8-138B-4E0F-8D5A-CC675A8FB50A}
	EndGlobalSection
EndGlobal
